
Microsoft Visual Studio Solution File, Format Version 12.00
# Visual Studio Version 17
VisualStudioVersion = 17.0.32228.444
MinimumVisualStudioVersion = 10.0.40219.1
Project("{FAE04EC0-301F-11D3-BF4B-00C04F79EFBC}") = "PrimeFactors", "PrimeFactors\PrimeFactors.csproj", "{61B8FFE1-3E86-4280-AEB6-5A551F9041CD}"
EndProject
Project("{FAE04EC0-301F-11D3-BF4B-00C04F79EFBC}") = "Prime_Factor_Calculator_Tests", "Prime_Factor_Calculator_Tests\Prime_Factor_Calculator_Tests.csproj", "{3FBA4DD0-1057-4042-964D-709D1701C119}"
EndProject
Global
	GlobalSection(SolutionConfigurationPlatforms) = preSolution
		Debug|Any CPU = Debug|Any CPU
		Release|Any CPU = Release|Any CPU
	EndGlobalSection
	GlobalSection(ProjectConfigurationPlatforms) = postSolution
		{61B8FFE1-3E86-4280-AEB6-5A551F9041CD}.Debug|Any CPU.ActiveCfg = Debug|Any CPU
		{61B8FFE1-3E86-4280-AEB6-5A551F9041CD}.Debug|Any CPU.Build.0 = Debug|Any CPU
		{61B8FFE1-3E86-4280-AEB6-5A551F9041CD}.Release|Any CPU.ActiveCfg = Release|Any CPU
		{61B8FFE1-3E86-4280-AEB6-5A551F9041CD}.Release|Any CPU.Build.0 = Release|Any CPU
		{3FBA4DD0-1057-4042-964D-709D1701C119}.Debug|Any CPU.ActiveCfg = Debug|Any CPU
		{3FBA4DD0-1057-4042-964D-709D1701C119}.Debug|Any CPU.Build.0 = Debug|Any CPU
		{3FBA4DD0-1057-4042-964D-709D1701C119}.Release|Any CPU.ActiveCfg = Release|Any CPU
		{3FBA4DD0-1057-4042-964D-709D1701C119}.Release|Any CPU.Build.0 = Release|Any CPU
	EndGlobalSection
	GlobalSection(SolutionProperties) = preSolution
		HideSolutionNode = FALSE
	EndGlobalSection
	GlobalSection(ExtensibilityGlobals) = postSolution
		SolutionGuid = {3A320268-DB01-415F-BA59-A3E5BC044037}
	EndGlobalSection
EndGlobal
